
Microsoft Visual Studio Solution File, Format Version 12.00
# Visual Studio Version 17
VisualStudioVersion = 17.5.33627.172
MinimumVisualStudioVersion = 10.0.40219.1
Project("{FAE04EC0-301F-11D3-BF4B-00C04F79EFBC}") = "RecipeBookBackend", "RecipeBookBackend.csproj", "{EAC02F5B-3BB5-4B98-B3BF-8286D45318D7}"
EndProject
Global
	GlobalSection(SolutionConfigurationPlatforms) = preSolution
		Debug|Any CPU = Debug|Any CPU
		Release|Any CPU = Release|Any CPU
	EndGlobalSection
	GlobalSection(ProjectConfigurationPlatforms) = postSolution
		{EAC02F5B-3BB5-4B98-B3BF-8286D45318D7}.Debug|Any CPU.ActiveCfg = Debug|Any CPU
		{EAC02F5B-3BB5-4B98-B3BF-8286D45318D7}.Debug|Any CPU.Build.0 = Debug|Any CPU
		{EAC02F5B-3BB5-4B98-B3BF-8286D45318D7}.Release|Any CPU.ActiveCfg = Release|Any CPU
		{EAC02F5B-3BB5-4B98-B3BF-8286D45318D7}.Release|Any CPU.Build.0 = Release|Any CPU
	EndGlobalSection
	GlobalSection(SolutionProperties) = preSolution
		HideSolutionNode = FALSE
	EndGlobalSection
	GlobalSection(ExtensibilityGlobals) = postSolution
		SolutionGuid = {0D986CA5-5184-4DF8-9C4B-1482D7A69D10}
	EndGlobalSection
EndGlobal
